
Microsoft Visual Studio Solution File, Format Version 12.00
# Visual Studio Version 16
VisualStudioVersion = 16.0.29503.13
MinimumVisualStudioVersion = 10.0.40219.1
Project("{E6C563F2-BDC2-4A24-ACBF-01715157DCBB}") = "ASAEvents", "ASAEvents\ASAEvents.asaproj", "{A59A48B5-7883-4F4F-85E1-A15714F274D4}"
EndProject
Global
	GlobalSection(SolutionConfigurationPlatforms) = preSolution
		Debug|Any CPU = Debug|Any CPU
		Release|Any CPU = Release|Any CPU
	EndGlobalSection
	GlobalSection(ProjectConfigurationPlatforms) = postSolution
		{A59A48B5-7883-4F4F-85E1-A15714F274D4}.Debug|Any CPU.ActiveCfg = Debug|Any CPU
		{A59A48B5-7883-4F4F-85E1-A15714F274D4}.Debug|Any CPU.Build.0 = Debug|Any CPU
		{A59A48B5-7883-4F4F-85E1-A15714F274D4}.Release|Any CPU.ActiveCfg = Release|Any CPU
		{A59A48B5-7883-4F4F-85E1-A15714F274D4}.Release|Any CPU.Build.0 = Release|Any CPU
	EndGlobalSection
	GlobalSection(SolutionProperties) = preSolution
		HideSolutionNode = FALSE
	EndGlobalSection
	GlobalSection(ExtensibilityGlobals) = postSolution
		SolutionGuid = {3164BBCD-BA07-4766-9028-46D7D50ACEE5}
	EndGlobalSection
EndGlobal
